
Microsoft Visual Studio Solution File, Format Version 12.00
# Visual Studio Version 16
VisualStudioVersion = 16.0.32106.194
MinimumVisualStudioVersion = 10.0.40219.1
Project("{FAE04EC0-301F-11D3-BF4B-00C04F79EFBC}") = "Advent2022", "Advent2022\Advent2022.csproj", "{11AA603F-113D-423C-9400-4E7616C3F9DE}"
EndProject
Global
	GlobalSection(SolutionConfigurationPlatforms) = preSolution
		Debug|Any CPU = Debug|Any CPU
		Release|Any CPU = Release|Any CPU
	EndGlobalSection
	GlobalSection(ProjectConfigurationPlatforms) = postSolution
		{11AA603F-113D-423C-9400-4E7616C3F9DE}.Debug|Any CPU.ActiveCfg = Debug|Any CPU
		{11AA603F-113D-423C-9400-4E7616C3F9DE}.Debug|Any CPU.Build.0 = Debug|Any CPU
		{11AA603F-113D-423C-9400-4E7616C3F9DE}.Release|Any CPU.ActiveCfg = Release|Any CPU
		{11AA603F-113D-423C-9400-4E7616C3F9DE}.Release|Any CPU.Build.0 = Release|Any CPU
	EndGlobalSection
	GlobalSection(SolutionProperties) = preSolution
		HideSolutionNode = FALSE
	EndGlobalSection
	GlobalSection(ExtensibilityGlobals) = postSolution
		SolutionGuid = {4ACAB11B-5641-4BDF-AE4A-3C7245D21141}
	EndGlobalSection
EndGlobal
